
Microsoft Visual Studio Solution File, Format Version 12.00
# Visual Studio Version 16
VisualStudioVersion = 16.0.30406.217
MinimumVisualStudioVersion = 10.0.40219.1
Project("{8BC9CEB8-8B4A-11D0-8D11-00A0C91BC942}") = "WebRtcWrapper", "..\WebRtcWrapper.vcxproj", "{7EE6E284-7878-4C68-BFA0-2D4728572906}"
EndProject
Global
	GlobalSection(SolutionConfigurationPlatforms) = preSolution
		Debug|ARM = Debug|ARM
		Debug|x64 = Debug|x64
		Debug|x86 = Debug|x86
		Release|ARM = Release|ARM
		Release|x64 = Release|x64
		Release|x86 = Release|x86
	EndGlobalSection
	GlobalSection(ProjectConfigurationPlatforms) = postSolution
		{7EE6E284-7878-4C68-BFA0-2D4728572906}.Debug|ARM.ActiveCfg = Debug|ARM
		{7EE6E284-7878-4C68-BFA0-2D4728572906}.Debug|ARM.Build.0 = Debug|ARM
		{7EE6E284-7878-4C68-BFA0-2D4728572906}.Debug|x64.ActiveCfg = Debug|x64
		{7EE6E284-7878-4C68-BFA0-2D4728572906}.Debug|x64.Build.0 = Debug|x64
		{7EE6E284-7878-4C68-BFA0-2D4728572906}.Debug|x86.ActiveCfg = Debug|Win32
		{7EE6E284-7878-4C68-BFA0-2D4728572906}.Debug|x86.Build.0 = Debug|Win32
		{7EE6E284-7878-4C68-BFA0-2D4728572906}.Release|ARM.ActiveCfg = Release|ARM
		{7EE6E284-7878-4C68-BFA0-2D4728572906}.Release|ARM.Build.0 = Release|ARM
		{7EE6E284-7878-4C68-BFA0-2D4728572906}.Release|x64.ActiveCfg = Release|x64
		{7EE6E284-7878-4C68-BFA0-2D4728572906}.Release|x64.Build.0 = Release|x64
		{7EE6E284-7878-4C68-BFA0-2D4728572906}.Release|x86.ActiveCfg = Release|x64
		{7EE6E284-7878-4C68-BFA0-2D4728572906}.Release|x86.Build.0 = Release|x64
	EndGlobalSection
	GlobalSection(SolutionProperties) = preSolution
		HideSolutionNode = FALSE
	EndGlobalSection
	GlobalSection(ExtensibilityGlobals) = postSolution
		SolutionGuid = {FCDE66D6-7AB2-4A1D-B661-0155E4010BF2}
	EndGlobalSection
EndGlobal
